{
  "name": "@holochain-open-dev/membrane-invitations",
  "version": "0.0.8",
  "lockfileVersion": 2,
  "requires": true,
  "packages": {
    "": {
      "name": "@holochain-open-dev/membrane-invitations",
      "version": "0.0.8",
      "dependencies": {
        "@holochain-open-dev/core-types": "^0.6.3",
        "@holochain-open-dev/utils": "^0.8.0",
        "@holochain/client": "^0.11.9",
        "lit-svelte-stores": "^0.1.9",
        "svelte": "^3.48.0"
      },
      "devDependencies": {
        "@types/lodash-es": "^4.17.4",
        "rimraf": "^3.0.2",
        "typescript": "^4.5.0",
        "watch-cli": "^0.2.3"
      }
    },
    "node_modules/@holochain-open-dev/core-types": {
      "version": "0.6.3",
      "resolved": "https://registry.npmjs.org/@holochain-open-dev/core-types/-/core-types-0.6.3.tgz",
      "integrity": "sha512-qsXj5ioF7BtiK5GtZ+nWpReK39N4d7JlqvLwWOCor3lfyvZtSqiB6zCs73qGMOX4BJIi3H6Ff2dUoNlf775R+A==",
      "dependencies": {
        "@holochain/client": "^0.11.9"
      }
    },
    "node_modules/@holochain-open-dev/utils": {
      "version": "0.8.0",
      "resolved": "https://registry.npmjs.org/@holochain-open-dev/utils/-/utils-0.8.0.tgz",
      "integrity": "sha512-T1dCvR2dL1ThEvVnhFIy1KjBxbljaTLHD+Vq5Th4LbWjFa/stBjNWNAbrycqloe/njQeuz4khIinAabjpiWuEw==",
      "dependencies": {
        "@holochain/client": "^0.11.9",
        "@msgpack/msgpack": "^2.7.2",
        "lit": "^2.1.3",
        "lodash-es": "^4.17.21"
      }
    },
    "node_modules/@holochain/client": {
      "version": "0.11.9",
      "integrity": "sha512-yOiD5isfZj2XZrFKtjXNRHcUJiUpUFaVQobggsBg8wYNEcPIztqqBTNXAC56pT8TdbZH6M0L9rV2UOE0MNoIoQ==",
      "dependencies": {
        "@holochain/serialization": "^0.1.0-beta-rc.3",
        "@msgpack/msgpack": "^2.7.2",
        "@tauri-apps/api": "^1.2.0",
        "emittery": "^1.0.1",
        "isomorphic-ws": "^5.0.0",
        "js-base64": "^3.7.3",
        "lodash-es": "^4.17.21",
        "tweetnacl": "^1.0.3"
      },
      "engines": {
        "node": "^14.13.1 || >=16.0.0 || >=18.0.0"
      }
    },
    "node_modules/@lit/reactive-element": {
      "version": "1.5.0",
      "resolved": "https://registry.npmjs.org/@lit/reactive-element/-/reactive-element-1.5.0.tgz",
      "integrity": "sha512-fQh9FDK0LPTwDk+0HhSZEtb8K0LTN1wXerwpGrWA+a8tWulYRDLI4vQDWp4GOIsewn0572KYV/oZ3+492D7osA=="
    },
    "node_modules/@msgpack/msgpack": {
      "version": "2.8.0",
      "resolved": "https://registry.npmjs.org/@msgpack/msgpack/-/msgpack-2.8.0.tgz",
      "integrity": "sha512-h9u4u/jiIRKbq25PM+zymTyW6bhTzELvOoUd+AvYriWOAKpLGnIamaET3pnHYoI5iYphAHBI4ayx0MehR+VVPQ==",
      "engines": {
        "node": ">= 10"
      }
    },
    "node_modules/@types/lodash": {
      "version": "4.14.191",
      "resolved": "https://registry.npmjs.org/@types/lodash/-/lodash-4.14.191.tgz",
      "integrity": "sha512-BdZ5BCCvho3EIXw6wUCXHe7rS53AIDPLE+JzwgT+OsJk53oBfbSmZZ7CX4VaRoN78N+TJpFi9QPlfIVNmJYWxQ==",
      "dev": true
    },
    "node_modules/@types/lodash-es": {
      "version": "4.17.6",
      "resolved": "https://registry.npmjs.org/@types/lodash-es/-/lodash-es-4.17.6.tgz",
      "integrity": "sha512-R+zTeVUKDdfoRxpAryaQNRKk3105Rrgx2CFRClIgRGaqDTdjsm8h6IYA8ir584W3ePzkZfst5xIgDwYrlh9HLg==",
      "dev": true,
      "dependencies": {
        "@types/lodash": "*"
      }
    },
    "node_modules/@types/trusted-types": {
      "version": "2.0.2",
      "resolved": "https://registry.npmjs.org/@types/trusted-types/-/trusted-types-2.0.2.tgz",
      "integrity": "sha512-F5DIZ36YVLE+PN+Zwws4kJogq47hNgX3Nx6WyDJ3kcplxyke3XIzB8uK5n/Lpm1HBsbGzd6nmGehL8cPekP+Tg=="
    },
    "node_modules/ansi-styles": {
      "version": "1.0.0",
      "resolved": "https://registry.npmjs.org/ansi-styles/-/ansi-styles-1.0.0.tgz",
      "integrity": "sha512-3iF4FIKdxaVYT3JqQuY3Wat/T2t7TRbbQ94Fu50ZUCbLy4TFbTzr90NOHQodQkNqmeEGCw8WbeP78WNi6SKYUA==",
      "dev": true,
      "engines": {
        "node": ">=0.8.0"
      }
    },
    "node_modules/balanced-match": {
      "version": "1.0.2",
      "resolved": "https://registry.npmjs.org/balanced-match/-/balanced-match-1.0.2.tgz",
      "integrity": "sha512-3oSeUO0TMV67hN1AmbXsK4yaqU7tjiHlbxRDZOpH0KW9+CeX4bRAaX0Anxt0tx2MrpRpWwQaPwIlISEJhYU5Pw==",
      "dev": true
    },
    "node_modules/brace-expansion": {
      "version": "1.1.11",
      "resolved": "https://registry.npmjs.org/brace-expansion/-/brace-expansion-1.1.11.tgz",
      "integrity": "sha512-iCuPHDFgrHX7H2vEI/5xpz07zSHB00TpugqhmYtVmMO6518mCuRMoOYFldEBl0g187ufozdaHgWKcYFb61qGiA==",
      "dev": true,
      "dependencies": {
        "balanced-match": "^1.0.0",
        "concat-map": "0.0.1"
      }
    },
    "node_modules/chalk": {
      "version": "0.4.0",
      "resolved": "https://registry.npmjs.org/chalk/-/chalk-0.4.0.tgz",
      "integrity": "sha512-sQfYDlfv2DGVtjdoQqxS0cEZDroyG8h6TamA6rvxwlrU5BaSLDx9xhatBYl2pxZ7gmpNaPFVwBtdGdu5rQ+tYQ==",
      "dev": true,
      "dependencies": {
        "ansi-styles": "~1.0.0",
        "has-color": "~0.1.0",
        "strip-ansi": "~0.1.0"
      },
      "engines": {
        "node": ">=0.8.0"
      }
    },
    "node_modules/concat-map": {
      "version": "0.0.1",
      "resolved": "https://registry.npmjs.org/concat-map/-/concat-map-0.0.1.tgz",
      "integrity": "sha512-/Srv4dswyQNBfohGpz9o6Yb3Gz3SrUDqBH5rTuhGR7ahtlbYKnVxw2bCFMRljaA7EXHaXZ8wsHdodFvbkhKmqg==",
      "dev": true
    },
    "node_modules/fs.realpath": {
      "version": "1.0.0",
      "resolved": "https://registry.npmjs.org/fs.realpath/-/fs.realpath-1.0.0.tgz",
      "integrity": "sha512-OO0pH2lK6a0hZnAdau5ItzHPI6pUlvI7jMVnxUQRtw4owF2wk8lOSabtGDCTP4Ggrg2MbGnWO9X8K1t4+fGMDw==",
      "dev": true
    },
    "node_modules/gaze": {
      "version": "0.5.2",
      "resolved": "https://registry.npmjs.org/gaze/-/gaze-0.5.2.tgz",
      "integrity": "sha512-3IWbXGkDDHFX8zIlNdfnmhvlSMhpBO6tDr4InB8fGku6dh/gjFPGNqcdsXJajZg05x9jRzXbL6gCnCnuMap4tw==",
      "dev": true,
      "dependencies": {
        "globule": "~0.1.0"
      },
      "engines": {
        "node": ">= 0.8.0"
      }
    },
    "node_modules/glob": {
      "version": "7.2.3",
      "resolved": "https://registry.npmjs.org/glob/-/glob-7.2.3.tgz",
      "integrity": "sha512-nFR0zLpU2YCaRxwoCJvL6UvCH2JFyFVIvwTLsIf21AuHlMskA1hhTdk+LlYJtOlYt9v6dvszD2BGRqBL+iQK9Q==",
      "dev": true,
      "dependencies": {
        "fs.realpath": "^1.0.0",
        "inflight": "^1.0.4",
        "inherits": "2",
        "minimatch": "^3.1.1",
        "once": "^1.3.0",
        "path-is-absolute": "^1.0.0"
      },
      "engines": {
        "node": "*"
      },
      "funding": {
        "url": "https://github.com/sponsors/isaacs"
      }
    },
    "node_modules/globule": {
      "version": "0.1.0",
      "resolved": "https://registry.npmjs.org/globule/-/globule-0.1.0.tgz",
      "integrity": "sha512-3eIcA2OjPCm4VvwIwZPzIxCVssA8HSpM2C6c6kK5ufJH4FGwWoyqL3In19uuX4oe+TwH3w2P1nQDmW56iehO4A==",
      "dev": true,
      "dependencies": {
        "glob": "~3.1.21",
        "lodash": "~1.0.1",
        "minimatch": "~0.2.11"
      },
      "engines": {
        "node": ">= 0.8.0"
      }
    },
    "node_modules/globule/node_modules/glob": {
      "version": "3.1.21",
      "resolved": "https://registry.npmjs.org/glob/-/glob-3.1.21.tgz",
      "integrity": "sha512-ANhy2V2+tFpRajE3wN4DhkNQ08KDr0Ir1qL12/cUe5+a7STEK8jkW4onUYuY8/06qAFuT5je7mjAqzx0eKI2tQ==",
      "dev": true,
      "dependencies": {
        "graceful-fs": "~1.2.0",
        "inherits": "1",
        "minimatch": "~0.2.11"
      },
      "engines": {
        "node": "*"
      }
    },
    "node_modules/globule/node_modules/inherits": {
      "version": "1.0.2",
      "resolved": "https://registry.npmjs.org/inherits/-/inherits-1.0.2.tgz",
      "integrity": "sha512-Al67oatbRSo3RV5hRqIoln6Y5yMVbJSIn4jEJNL7VCImzq/kLr7vvb6sFRJXqr8rpHc/2kJOM+y0sPKN47VdzA==",
      "dev": true
    },
    "node_modules/globule/node_modules/lodash": {
      "version": "1.0.2",
      "resolved": "https://registry.npmjs.org/lodash/-/lodash-1.0.2.tgz",
      "integrity": "sha512-0VSEDVec/Me2eATuoiQd8IjyBMMX0fahob8YJ96V1go2RjvCk1m1GxmtfXn8RNSaLaTtop7fsuhhu9oLk3hUgA==",
      "dev": true,
      "engines": [
        "node",
        "rhino"
      ]
    },
    "node_modules/globule/node_modules/minimatch": {
      "version": "0.2.14",
      "resolved": "https://registry.npmjs.org/minimatch/-/minimatch-0.2.14.tgz",
      "integrity": "sha512-zZ+Jy8lVWlvqqeM8iZB7w7KmQkoJn8djM585z88rywrEbzoqawVa9FR5p2hwD+y74nfuKOjmNvi9gtWJNLqHvA==",
      "deprecated": "Please update to minimatch 3.0.2 or higher to avoid a RegExp DoS issue",
      "dev": true,
      "dependencies": {
        "lru-cache": "2",
        "sigmund": "~1.0.0"
      },
      "engines": {
        "node": "*"
      }
    },
    "node_modules/graceful-fs": {
      "version": "1.2.3",
      "resolved": "https://registry.npmjs.org/graceful-fs/-/graceful-fs-1.2.3.tgz",
      "integrity": "sha512-iiTUZ5vZ+2ZV+h71XAgwCSu6+NAizhFU3Yw8aC/hH5SQ3SnISqEqAek40imAFGtDcwJKNhXvSY+hzIolnLwcdQ==",
      "deprecated": "please upgrade to graceful-fs 4 for compatibility with current and future versions of Node.js",
      "dev": true,
      "engines": {
        "node": ">=0.4.0"
      }
    },
    "node_modules/has-color": {
      "version": "0.1.7",
      "resolved": "https://registry.npmjs.org/has-color/-/has-color-0.1.7.tgz",
      "integrity": "sha512-kaNz5OTAYYmt646Hkqw50/qyxP2vFnTVu5AQ1Zmk22Kk5+4Qx6BpO8+u7IKsML5fOsFk0ZT0AcCJNYwcvaLBvw==",
      "dev": true,
      "engines": {
        "node": ">=0.10.0"
      }
    },
    "node_modules/has-flag": {
      "version": "2.0.0",
      "resolved": "https://registry.npmjs.org/has-flag/-/has-flag-2.0.0.tgz",
      "integrity": "sha512-P+1n3MnwjR/Epg9BBo1KT8qbye2g2Ou4sFumihwt6I4tsUX7jnLcX4BTOSKg/B1ZrIYMN9FcEnG4x5a7NB8Eng==",
      "dev": true,
      "engines": {
        "node": ">=0.10.0"
      }
    },
    "node_modules/inflight": {
      "version": "1.0.6",
      "resolved": "https://registry.npmjs.org/inflight/-/inflight-1.0.6.tgz",
      "integrity": "sha512-k92I/b08q4wvFscXCLvqfsHCrjrF7yiXsQuIVvVE7N82W3+aqpzuUdBbfhWcy/FZR3/4IgflMgKLOsvPDrGCJA==",
      "dev": true,
      "dependencies": {
        "once": "^1.3.0",
        "wrappy": "1"
      }
    },
    "node_modules/inherits": {
      "version": "2.0.4",
      "resolved": "https://registry.npmjs.org/inherits/-/inherits-2.0.4.tgz",
      "integrity": "sha512-k/vGaX4/Yla3WzyMCvTQOXYeIHvqOKtnqBduzTHpzpQZzAskKMhZ2K+EnBiSM9zGSoIFeMpXKxa4dYeZIQqewQ==",
      "dev": true
    },
    "node_modules/isomorphic-ws": {
      "version": "5.0.0",
      "integrity": "sha512-muId7Zzn9ywDsyXgTIafTry2sV3nySZeUDe6YedVd1Hvuuep5AsIlqK+XefWpYTyJG5e503F2xIuT2lcU6rCSw==",
      "peerDependencies": {
        "ws": "*"
      }
    },
    "node_modules/lit": {
      "version": "2.5.0",
      "resolved": "https://registry.npmjs.org/lit/-/lit-2.5.0.tgz",
      "integrity": "sha512-DtnUP6vR3l4Q8nRPPNBD+UxbAhwJPeky+OVbi3pdgMqm0g57xFSl1Sj64D1rIB+nVNdiVVg8YxB0hqKjvdadZA==",
      "dependencies": {
        "@lit/reactive-element": "^1.5.0",
        "lit-element": "^3.2.0",
        "lit-html": "^2.5.0"
      }
    },
    "node_modules/lit-element": {
      "version": "3.2.2",
      "resolved": "https://registry.npmjs.org/lit-element/-/lit-element-3.2.2.tgz",
      "integrity": "sha512-6ZgxBR9KNroqKb6+htkyBwD90XGRiqKDHVrW/Eh0EZ+l+iC+u+v+w3/BA5NGi4nizAVHGYvQBHUDuSmLjPp7NQ==",
      "dependencies": {
        "@lit/reactive-element": "^1.3.0",
        "lit-html": "^2.2.0"
      }
    },
    "node_modules/lit-html": {
      "version": "2.5.0",
      "resolved": "https://registry.npmjs.org/lit-html/-/lit-html-2.5.0.tgz",
      "integrity": "sha512-bLHosg1XL3JRUcKdSVI0sLCs0y1wWrj2sqqAN3cZ7bDDPNgmDHH29RV48x6Wz3ZmkxIupaE+z7uXSZ/pXWAO1g==",
      "dependencies": {
        "@types/trusted-types": "^2.0.2"
      }
    },
    "node_modules/lit-svelte-stores": {
      "version": "0.1.10",
      "resolved": "https://registry.npmjs.org/lit-svelte-stores/-/lit-svelte-stores-0.1.10.tgz",
      "integrity": "sha512-gpiDkAxRjqv9Jvr3ForMff8ge+wmHvsYbTMigu7asBVTpUS32cUDdM+Q3KAmjR/HNH9HoMzR14l4lk98NrDS5g==",
      "dependencies": {
        "lit": "^2.0.0",
        "svelte": "^3.38.3"
      }
    },
    "node_modules/lodash": {
      "version": "3.10.1",
      "resolved": "https://registry.npmjs.org/lodash/-/lodash-3.10.1.tgz",
      "integrity": "sha512-9mDDwqVIma6OZX79ZlDACZl8sBm0TEnkf99zV3iMA4GzkIT/9hiqP5mY0HoT1iNLCrKc/R1HByV+yJfRWVJryQ==",
      "dev": true
    },
    "node_modules/lodash-es": {
      "version": "4.17.21",
      "resolved": "https://registry.npmjs.org/lodash-es/-/lodash-es-4.17.21.tgz",
      "integrity": "sha512-mKnC+QJ9pWVzv+C4/U3rRsHapFfHvQFoFB92e52xeyGMcX6/OlIl78je1u8vePzYZSkkogMPJ2yjxxsb89cxyw=="
    },
    "node_modules/lru-cache": {
      "version": "2.7.3",
      "resolved": "https://registry.npmjs.org/lru-cache/-/lru-cache-2.7.3.tgz",
      "integrity": "sha512-WpibWJ60c3AgAz8a2iYErDrcT2C7OmKnsWhIcHOjkUHFjkXncJhtLxNSqUmxRxRunpb5I8Vprd7aNSd2NtksJQ==",
      "dev": true
    },
    "node_modules/minimatch": {
      "version": "3.1.2",
      "resolved": "https://registry.npmjs.org/minimatch/-/minimatch-3.1.2.tgz",
      "integrity": "sha512-J7p63hRiAjw1NDEww1W7i37+ByIrOWO5XQQAzZ3VOcL0PNybwpfmV/N05zFAzwQ9USyEcX6t3UO+K5aqBQOIHw==",
      "dev": true,
      "dependencies": {
        "brace-expansion": "^1.1.7"
      },
      "engines": {
        "node": "*"
      }
    },
    "node_modules/minimist": {
      "version": "1.2.7",
      "resolved": "https://registry.npmjs.org/minimist/-/minimist-1.2.7.tgz",
      "integrity": "sha512-bzfL1YUZsP41gmu/qjrEk0Q6i2ix/cVeAhbCbqH9u3zYutS1cLg00qhrD0M2MVdCcx4Sc0UpP2eBWo9rotpq6g==",
      "dev": true,
      "funding": {
        "url": "https://github.com/sponsors/ljharb"
      }
    },
    "node_modules/once": {
      "version": "1.4.0",
      "resolved": "https://registry.npmjs.org/once/-/once-1.4.0.tgz",
      "integrity": "sha512-lNaJgI+2Q5URQBkccEKHTQOPaXdUxnZZElQTZY0MFUAuaEqe1E+Nyvgdz/aIyNi6Z9MzO5dv1H8n58/GELp3+w==",
      "dev": true,
      "dependencies": {
        "wrappy": "1"
      }
    },
    "node_modules/path-is-absolute": {
      "version": "1.0.1",
      "resolved": "https://registry.npmjs.org/path-is-absolute/-/path-is-absolute-1.0.1.tgz",
      "integrity": "sha512-AVbw3UJ2e9bq64vSaS9Am0fje1Pa8pbGqTTsmXfaIiMpnr5DlDhfJOuLj9Sf95ZPVDAUerDfEk88MPmPe7UCQg==",
      "dev": true,
      "engines": {
        "node": ">=0.10.0"
      }
    },
    "node_modules/rimraf": {
      "version": "3.0.2",
      "resolved": "https://registry.npmjs.org/rimraf/-/rimraf-3.0.2.tgz",
      "integrity": "sha512-JZkJMZkAGFFPP2YqXZXPbMlMBgsxzE8ILs4lMIX/2o0L9UBw9O/Y3o6wFw/i9YLapcUJWwqbi3kdxIPdC62TIA==",
      "dev": true,
      "dependencies": {
        "glob": "^7.1.3"
      },
      "bin": {
        "rimraf": "bin.js"
      },
      "funding": {
        "url": "https://github.com/sponsors/isaacs"
      }
    },
    "node_modules/sigmund": {
      "version": "1.0.1",
      "resolved": "https://registry.npmjs.org/sigmund/-/sigmund-1.0.1.tgz",
      "integrity": "sha512-fCvEXfh6NWpm+YSuY2bpXb/VIihqWA6hLsgboC+0nl71Q7N7o2eaCW8mJa/NLvQhs6jpd3VZV4UiUQlV6+lc8g==",
      "dev": true
    },
    "node_modules/strip-ansi": {
      "version": "0.1.1",
      "resolved": "https://registry.npmjs.org/strip-ansi/-/strip-ansi-0.1.1.tgz",
      "integrity": "sha512-behete+3uqxecWlDAm5lmskaSaISA+ThQ4oNNBDTBJt0x2ppR6IPqfZNuj6BLaLJ/Sji4TPZlcRyOis8wXQTLg==",
      "dev": true,
      "bin": {
        "strip-ansi": "cli.js"
      },
      "engines": {
        "node": ">=0.8.0"
      }
    },
    "node_modules/supports-color": {
      "version": "4.5.0",
      "resolved": "https://registry.npmjs.org/supports-color/-/supports-color-4.5.0.tgz",
      "integrity": "sha512-ycQR/UbvI9xIlEdQT1TQqwoXtEldExbCEAJgRo5YXlmSKjv6ThHnP9/vwGa1gr19Gfw+LkFd7KqYMhzrRC5JYw==",
      "dev": true,
      "dependencies": {
        "has-flag": "^2.0.0"
      },
      "engines": {
        "node": ">=4"
      }
    },
    "node_modules/svelte": {
      "version": "3.55.0",
      "resolved": "https://registry.npmjs.org/svelte/-/svelte-3.55.0.tgz",
      "integrity": "sha512-uGu2FVMlOuey4JoKHKrpZFkoYyj0VLjJdz47zX5+gVK5odxHM40RVhar9/iK2YFRVxvfg9FkhfVlR0sjeIrOiA==",
      "engines": {
        "node": ">= 8"
      }
    },
    "node_modules/typescript": {
      "version": "4.6.4",
      "integrity": "sha512-9ia/jWHIEbo49HfjrLGfKbZSuWo9iTMwXO+Ca3pRsSpbsMbc7/IU8NKdCZVRRBafVPGnoJeFL76ZOAA84I9fEg==",
      "dev": true,
      "bin": {
        "tsc": "bin/tsc",
        "tsserver": "bin/tsserver"
      },
      "engines": {
        "node": ">=4.2.0"
      }
    },
    "node_modules/verbalize": {
      "version": "0.1.2",
      "resolved": "https://registry.npmjs.org/verbalize/-/verbalize-0.1.2.tgz",
      "integrity": "sha512-np7jPE3fqF3KHwZJ6hy+3O/E4DwYVZtktw0I6viZsaCxOzq1WRUdBf9O0Ur3qKa1qcvftpvvljiLyRUIYcMNhw==",
      "dev": true,
      "dependencies": {
        "chalk": "~0.4.0"
      },
      "engines": {
        "node": ">=0.10.0",
        "npm": ">=1.2.10"
      }
    },
    "node_modules/watch-cli": {
      "version": "0.2.3",
      "resolved": "https://registry.npmjs.org/watch-cli/-/watch-cli-0.2.3.tgz",
      "integrity": "sha512-+g6n5J+jimY8hxcoHQaePPNnjmRux0nCN9BztkChx9mOas61rou3nXxTireuOMSPz7sIM7/vk6vG1f85h6Ob2A==",
      "dev": true,
      "dependencies": {
        "gaze": "^0.5.1",
        "lodash": "^3.5.0",
        "minimist": "^1.1.1",
        "supports-color": "^4.0.0",
        "verbalize": "^0.1.2"
      },
      "bin": {
        "watch": "bin/watch"
      },
      "engines": {
        "node": ">=0.8"
      }
    },
    "node_modules/wrappy": {
      "version": "1.0.2",
      "resolved": "https://registry.npmjs.org/wrappy/-/wrappy-1.0.2.tgz",
      "integrity": "sha512-l4Sp/DRseor9wL6EvV2+TuQn63dMkPjZ/sp9XkghTEbV9KlPS1xUsZ3u7/IQO4wxtcFB4bgpQPRcR3QCvezPcQ==",
      "dev": true
    }
  },
  "dependencies": {
    "@holochain-open-dev/core-types": {
      "version": "0.6.3",
      "resolved": "https://registry.npmjs.org/@holochain-open-dev/core-types/-/core-types-0.6.3.tgz",
      "integrity": "sha512-qsXj5ioF7BtiK5GtZ+nWpReK39N4d7JlqvLwWOCor3lfyvZtSqiB6zCs73qGMOX4BJIi3H6Ff2dUoNlf775R+A==",
      "requires": {
        "@holochain/client": "^0.11.9"
      }
    },
    "@holochain-open-dev/utils": {
      "version": "0.8.0",
      "resolved": "https://registry.npmjs.org/@holochain-open-dev/utils/-/utils-0.8.0.tgz",
      "integrity": "sha512-T1dCvR2dL1ThEvVnhFIy1KjBxbljaTLHD+Vq5Th4LbWjFa/stBjNWNAbrycqloe/njQeuz4khIinAabjpiWuEw==",
      "requires": {
        "@holochain/client": "^0.11.9",
        "@msgpack/msgpack": "^2.7.2",
        "lit": "^2.1.3",
        "lodash-es": "^4.17.21"
      }
    },
    "@holochain/client": {
      "version": "0.11.9",
      "requires": {
        "@holochain/serialization": "^0.1.0-beta-rc.3",
        "@msgpack/msgpack": "^2.7.2",
        "@tauri-apps/api": "^1.2.0",
        "emittery": "^1.0.1",
        "isomorphic-ws": "^5.0.0",
        "js-base64": "^3.7.3",
        "lodash-es": "^4.17.21",
        "tweetnacl": "^1.0.3"
      }
    },
    "@lit/reactive-element": {
      "version": "1.5.0",
      "resolved": "https://registry.npmjs.org/@lit/reactive-element/-/reactive-element-1.5.0.tgz",
      "integrity": "sha512-fQh9FDK0LPTwDk+0HhSZEtb8K0LTN1wXerwpGrWA+a8tWulYRDLI4vQDWp4GOIsewn0572KYV/oZ3+492D7osA=="
    },
    "@msgpack/msgpack": {
      "version": "2.8.0",
      "resolved": "https://registry.npmjs.org/@msgpack/msgpack/-/msgpack-2.8.0.tgz",
      "integrity": "sha512-h9u4u/jiIRKbq25PM+zymTyW6bhTzELvOoUd+AvYriWOAKpLGnIamaET3pnHYoI5iYphAHBI4ayx0MehR+VVPQ=="
    },
    "@types/lodash": {
      "version": "4.14.191",
      "resolved": "https://registry.npmjs.org/@types/lodash/-/lodash-4.14.191.tgz",
      "integrity": "sha512-BdZ5BCCvho3EIXw6wUCXHe7rS53AIDPLE+JzwgT+OsJk53oBfbSmZZ7CX4VaRoN78N+TJpFi9QPlfIVNmJYWxQ==",
      "dev": true
    },
    "@types/lodash-es": {
      "version": "4.17.6",
      "resolved": "https://registry.npmjs.org/@types/lodash-es/-/lodash-es-4.17.6.tgz",
      "integrity": "sha512-R+zTeVUKDdfoRxpAryaQNRKk3105Rrgx2CFRClIgRGaqDTdjsm8h6IYA8ir584W3ePzkZfst5xIgDwYrlh9HLg==",
      "dev": true,
      "requires": {
        "@types/lodash": "*"
      }
    },
    "@types/trusted-types": {
      "version": "2.0.2",
      "resolved": "https://registry.npmjs.org/@types/trusted-types/-/trusted-types-2.0.2.tgz",
      "integrity": "sha512-F5DIZ36YVLE+PN+Zwws4kJogq47hNgX3Nx6WyDJ3kcplxyke3XIzB8uK5n/Lpm1HBsbGzd6nmGehL8cPekP+Tg=="
    },
    "ansi-styles": {
      "version": "1.0.0",
      "resolved": "https://registry.npmjs.org/ansi-styles/-/ansi-styles-1.0.0.tgz",
      "integrity": "sha512-3iF4FIKdxaVYT3JqQuY3Wat/T2t7TRbbQ94Fu50ZUCbLy4TFbTzr90NOHQodQkNqmeEGCw8WbeP78WNi6SKYUA==",
      "dev": true
    },
    "balanced-match": {
      "version": "1.0.2",
      "resolved": "https://registry.npmjs.org/balanced-match/-/balanced-match-1.0.2.tgz",
      "integrity": "sha512-3oSeUO0TMV67hN1AmbXsK4yaqU7tjiHlbxRDZOpH0KW9+CeX4bRAaX0Anxt0tx2MrpRpWwQaPwIlISEJhYU5Pw==",
      "dev": true
    },
    "brace-expansion": {
      "version": "1.1.11",
      "resolved": "https://registry.npmjs.org/brace-expansion/-/brace-expansion-1.1.11.tgz",
      "integrity": "sha512-iCuPHDFgrHX7H2vEI/5xpz07zSHB00TpugqhmYtVmMO6518mCuRMoOYFldEBl0g187ufozdaHgWKcYFb61qGiA==",
      "dev": true,
      "requires": {
        "balanced-match": "^1.0.0",
        "concat-map": "0.0.1"
      }
    },
    "chalk": {
      "version": "0.4.0",
      "resolved": "https://registry.npmjs.org/chalk/-/chalk-0.4.0.tgz",
      "integrity": "sha512-sQfYDlfv2DGVtjdoQqxS0cEZDroyG8h6TamA6rvxwlrU5BaSLDx9xhatBYl2pxZ7gmpNaPFVwBtdGdu5rQ+tYQ==",
      "dev": true,
      "requires": {
        "ansi-styles": "~1.0.0",
        "has-color": "~0.1.0",
        "strip-ansi": "~0.1.0"
      }
    },
    "concat-map": {
      "version": "0.0.1",
      "resolved": "https://registry.npmjs.org/concat-map/-/concat-map-0.0.1.tgz",
      "integrity": "sha512-/Srv4dswyQNBfohGpz9o6Yb3Gz3SrUDqBH5rTuhGR7ahtlbYKnVxw2bCFMRljaA7EXHaXZ8wsHdodFvbkhKmqg==",
      "dev": true
    },
    "fs.realpath": {
      "version": "1.0.0",
      "resolved": "https://registry.npmjs.org/fs.realpath/-/fs.realpath-1.0.0.tgz",
      "integrity": "sha512-OO0pH2lK6a0hZnAdau5ItzHPI6pUlvI7jMVnxUQRtw4owF2wk8lOSabtGDCTP4Ggrg2MbGnWO9X8K1t4+fGMDw==",
      "dev": true
    },
    "gaze": {
      "version": "0.5.2",
      "resolved": "https://registry.npmjs.org/gaze/-/gaze-0.5.2.tgz",
      "integrity": "sha512-3IWbXGkDDHFX8zIlNdfnmhvlSMhpBO6tDr4InB8fGku6dh/gjFPGNqcdsXJajZg05x9jRzXbL6gCnCnuMap4tw==",
      "dev": true,
      "requires": {
        "globule": "~0.1.0"
      }
    },
    "glob": {
      "version": "7.2.3",
      "resolved": "https://registry.npmjs.org/glob/-/glob-7.2.3.tgz",
      "integrity": "sha512-nFR0zLpU2YCaRxwoCJvL6UvCH2JFyFVIvwTLsIf21AuHlMskA1hhTdk+LlYJtOlYt9v6dvszD2BGRqBL+iQK9Q==",
      "dev": true,
      "requires": {
        "fs.realpath": "^1.0.0",
        "inflight": "^1.0.4",
        "inherits": "2",
        "minimatch": "^3.1.1",
        "once": "^1.3.0",
        "path-is-absolute": "^1.0.0"
      }
    },
    "globule": {
      "version": "0.1.0",
      "resolved": "https://registry.npmjs.org/globule/-/globule-0.1.0.tgz",
      "integrity": "sha512-3eIcA2OjPCm4VvwIwZPzIxCVssA8HSpM2C6c6kK5ufJH4FGwWoyqL3In19uuX4oe+TwH3w2P1nQDmW56iehO4A==",
      "dev": true,
      "requires": {
        "glob": "~3.1.21",
        "lodash": "~1.0.1",
        "minimatch": "~0.2.11"
      },
      "dependencies": {
        "glob": {
          "version": "3.1.21",
          "resolved": "https://registry.npmjs.org/glob/-/glob-3.1.21.tgz",
          "integrity": "sha512-ANhy2V2+tFpRajE3wN4DhkNQ08KDr0Ir1qL12/cUe5+a7STEK8jkW4onUYuY8/06qAFuT5je7mjAqzx0eKI2tQ==",
          "dev": true,
          "requires": {
            "graceful-fs": "~1.2.0",
            "inherits": "1",
            "minimatch": "~0.2.11"
          }
        },
        "inherits": {
          "version": "1.0.2",
          "resolved": "https://registry.npmjs.org/inherits/-/inherits-1.0.2.tgz",
          "integrity": "sha512-Al67oatbRSo3RV5hRqIoln6Y5yMVbJSIn4jEJNL7VCImzq/kLr7vvb6sFRJXqr8rpHc/2kJOM+y0sPKN47VdzA==",
          "dev": true
        },
        "lodash": {
          "version": "1.0.2",
          "resolved": "https://registry.npmjs.org/lodash/-/lodash-1.0.2.tgz",
          "integrity": "sha512-0VSEDVec/Me2eATuoiQd8IjyBMMX0fahob8YJ96V1go2RjvCk1m1GxmtfXn8RNSaLaTtop7fsuhhu9oLk3hUgA==",
          "dev": true
        },
        "minimatch": {
          "version": "0.2.14",
          "resolved": "https://registry.npmjs.org/minimatch/-/minimatch-0.2.14.tgz",
          "integrity": "sha512-zZ+Jy8lVWlvqqeM8iZB7w7KmQkoJn8djM585z88rywrEbzoqawVa9FR5p2hwD+y74nfuKOjmNvi9gtWJNLqHvA==",
          "dev": true,
          "requires": {
            "lru-cache": "2",
            "sigmund": "~1.0.0"
          }
        }
      }
    },
    "graceful-fs": {
      "version": "1.2.3",
      "resolved": "https://registry.npmjs.org/graceful-fs/-/graceful-fs-1.2.3.tgz",
      "integrity": "sha512-iiTUZ5vZ+2ZV+h71XAgwCSu6+NAizhFU3Yw8aC/hH5SQ3SnISqEqAek40imAFGtDcwJKNhXvSY+hzIolnLwcdQ==",
      "dev": true
    },
    "has-color": {
      "version": "0.1.7",
      "resolved": "https://registry.npmjs.org/has-color/-/has-color-0.1.7.tgz",
      "integrity": "sha512-kaNz5OTAYYmt646Hkqw50/qyxP2vFnTVu5AQ1Zmk22Kk5+4Qx6BpO8+u7IKsML5fOsFk0ZT0AcCJNYwcvaLBvw==",
      "dev": true
    },
    "has-flag": {
      "version": "2.0.0",
      "resolved": "https://registry.npmjs.org/has-flag/-/has-flag-2.0.0.tgz",
      "integrity": "sha512-P+1n3MnwjR/Epg9BBo1KT8qbye2g2Ou4sFumihwt6I4tsUX7jnLcX4BTOSKg/B1ZrIYMN9FcEnG4x5a7NB8Eng==",
      "dev": true
    },
    "inflight": {
      "version": "1.0.6",
      "resolved": "https://registry.npmjs.org/inflight/-/inflight-1.0.6.tgz",
      "integrity": "sha512-k92I/b08q4wvFscXCLvqfsHCrjrF7yiXsQuIVvVE7N82W3+aqpzuUdBbfhWcy/FZR3/4IgflMgKLOsvPDrGCJA==",
      "dev": true,
      "requires": {
        "once": "^1.3.0",
        "wrappy": "1"
      }
    },
    "inherits": {
      "version": "2.0.4",
      "resolved": "https://registry.npmjs.org/inherits/-/inherits-2.0.4.tgz",
      "integrity": "sha512-k/vGaX4/Yla3WzyMCvTQOXYeIHvqOKtnqBduzTHpzpQZzAskKMhZ2K+EnBiSM9zGSoIFeMpXKxa4dYeZIQqewQ==",
      "dev": true
    },
    "isomorphic-ws": {
      "version": "5.0.0",
      "requires": {}
    },
    "lit": {
      "version": "2.5.0",
      "resolved": "https://registry.npmjs.org/lit/-/lit-2.5.0.tgz",
      "integrity": "sha512-DtnUP6vR3l4Q8nRPPNBD+UxbAhwJPeky+OVbi3pdgMqm0g57xFSl1Sj64D1rIB+nVNdiVVg8YxB0hqKjvdadZA==",
      "requires": {
        "@lit/reactive-element": "^1.5.0",
        "lit-element": "^3.2.0",
        "lit-html": "^2.5.0"
      }
    },
    "lit-element": {
      "version": "3.2.2",
      "resolved": "https://registry.npmjs.org/lit-element/-/lit-element-3.2.2.tgz",
      "integrity": "sha512-6ZgxBR9KNroqKb6+htkyBwD90XGRiqKDHVrW/Eh0EZ+l+iC+u+v+w3/BA5NGi4nizAVHGYvQBHUDuSmLjPp7NQ==",
      "requires": {
        "@lit/reactive-element": "^1.3.0",
        "lit-html": "^2.2.0"
      }
    },
    "lit-html": {
      "version": "2.5.0",
      "resolved": "https://registry.npmjs.org/lit-html/-/lit-html-2.5.0.tgz",
      "integrity": "sha512-bLHosg1XL3JRUcKdSVI0sLCs0y1wWrj2sqqAN3cZ7bDDPNgmDHH29RV48x6Wz3ZmkxIupaE+z7uXSZ/pXWAO1g==",
      "requires": {
        "@types/trusted-types": "^2.0.2"
      }
    },
    "lit-svelte-stores": {
      "version": "0.1.10",
      "resolved": "https://registry.npmjs.org/lit-svelte-stores/-/lit-svelte-stores-0.1.10.tgz",
      "integrity": "sha512-gpiDkAxRjqv9Jvr3ForMff8ge+wmHvsYbTMigu7asBVTpUS32cUDdM+Q3KAmjR/HNH9HoMzR14l4lk98NrDS5g==",
      "requires": {
        "lit": "^2.0.0",
        "svelte": "^3.38.3"
      }
    },
    "lodash": {
      "version": "3.10.1",
      "resolved": "https://registry.npmjs.org/lodash/-/lodash-3.10.1.tgz",
      "integrity": "sha512-9mDDwqVIma6OZX79ZlDACZl8sBm0TEnkf99zV3iMA4GzkIT/9hiqP5mY0HoT1iNLCrKc/R1HByV+yJfRWVJryQ==",
      "dev": true
    },
    "lodash-es": {
      "version": "4.17.21",
      "resolved": "https://registry.npmjs.org/lodash-es/-/lodash-es-4.17.21.tgz",
      "integrity": "sha512-mKnC+QJ9pWVzv+C4/U3rRsHapFfHvQFoFB92e52xeyGMcX6/OlIl78je1u8vePzYZSkkogMPJ2yjxxsb89cxyw=="
    },
    "lru-cache": {
      "version": "2.7.3",
      "resolved": "https://registry.npmjs.org/lru-cache/-/lru-cache-2.7.3.tgz",
      "integrity": "sha512-WpibWJ60c3AgAz8a2iYErDrcT2C7OmKnsWhIcHOjkUHFjkXncJhtLxNSqUmxRxRunpb5I8Vprd7aNSd2NtksJQ==",
      "dev": true
    },
    "minimatch": {
      "version": "3.1.2",
      "resolved": "https://registry.npmjs.org/minimatch/-/minimatch-3.1.2.tgz",
      "integrity": "sha512-J7p63hRiAjw1NDEww1W7i37+ByIrOWO5XQQAzZ3VOcL0PNybwpfmV/N05zFAzwQ9USyEcX6t3UO+K5aqBQOIHw==",
      "dev": true,
      "requires": {
        "brace-expansion": "^1.1.7"
      }
    },
    "minimist": {
      "version": "1.2.7",
      "resolved": "https://registry.npmjs.org/minimist/-/minimist-1.2.7.tgz",
      "integrity": "sha512-bzfL1YUZsP41gmu/qjrEk0Q6i2ix/cVeAhbCbqH9u3zYutS1cLg00qhrD0M2MVdCcx4Sc0UpP2eBWo9rotpq6g==",
      "dev": true
    },
    "once": {
      "version": "1.4.0",
      "resolved": "https://registry.npmjs.org/once/-/once-1.4.0.tgz",
      "integrity": "sha512-lNaJgI+2Q5URQBkccEKHTQOPaXdUxnZZElQTZY0MFUAuaEqe1E+Nyvgdz/aIyNi6Z9MzO5dv1H8n58/GELp3+w==",
      "dev": true,
      "requires": {
        "wrappy": "1"
      }
    },
    "path-is-absolute": {
      "version": "1.0.1",
      "resolved": "https://registry.npmjs.org/path-is-absolute/-/path-is-absolute-1.0.1.tgz",
      "integrity": "sha512-AVbw3UJ2e9bq64vSaS9Am0fje1Pa8pbGqTTsmXfaIiMpnr5DlDhfJOuLj9Sf95ZPVDAUerDfEk88MPmPe7UCQg==",
      "dev": true
    },
    "rimraf": {
      "version": "3.0.2",
      "resolved": "https://registry.npmjs.org/rimraf/-/rimraf-3.0.2.tgz",
      "integrity": "sha512-JZkJMZkAGFFPP2YqXZXPbMlMBgsxzE8ILs4lMIX/2o0L9UBw9O/Y3o6wFw/i9YLapcUJWwqbi3kdxIPdC62TIA==",
      "dev": true,
      "requires": {
        "glob": "^7.1.3"
      }
    },
    "sigmund": {
      "version": "1.0.1",
      "resolved": "https://registry.npmjs.org/sigmund/-/sigmund-1.0.1.tgz",
      "integrity": "sha512-fCvEXfh6NWpm+YSuY2bpXb/VIihqWA6hLsgboC+0nl71Q7N7o2eaCW8mJa/NLvQhs6jpd3VZV4UiUQlV6+lc8g==",
      "dev": true
    },
    "strip-ansi": {
      "version": "0.1.1",
      "resolved": "https://registry.npmjs.org/strip-ansi/-/strip-ansi-0.1.1.tgz",
      "integrity": "sha512-behete+3uqxecWlDAm5lmskaSaISA+ThQ4oNNBDTBJt0x2ppR6IPqfZNuj6BLaLJ/Sji4TPZlcRyOis8wXQTLg==",
      "dev": true
    },
    "supports-color": {
      "version": "4.5.0",
      "resolved": "https://registry.npmjs.org/supports-color/-/supports-color-4.5.0.tgz",
      "integrity": "sha512-ycQR/UbvI9xIlEdQT1TQqwoXtEldExbCEAJgRo5YXlmSKjv6ThHnP9/vwGa1gr19Gfw+LkFd7KqYMhzrRC5JYw==",
      "dev": true,
      "requires": {
        "has-flag": "^2.0.0"
      }
    },
    "svelte": {
      "version": "3.55.0",
      "resolved": "https://registry.npmjs.org/svelte/-/svelte-3.55.0.tgz",
      "integrity": "sha512-uGu2FVMlOuey4JoKHKrpZFkoYyj0VLjJdz47zX5+gVK5odxHM40RVhar9/iK2YFRVxvfg9FkhfVlR0sjeIrOiA=="
    },
    "typescript": {
      "version": "4.6.4",
      "dev": true
    },
    "verbalize": {
      "version": "0.1.2",
      "resolved": "https://registry.npmjs.org/verbalize/-/verbalize-0.1.2.tgz",
      "integrity": "sha512-np7jPE3fqF3KHwZJ6hy+3O/E4DwYVZtktw0I6viZsaCxOzq1WRUdBf9O0Ur3qKa1qcvftpvvljiLyRUIYcMNhw==",
      "dev": true,
      "requires": {
        "chalk": "~0.4.0"
      }
    },
    "watch-cli": {
      "version": "0.2.3",
      "resolved": "https://registry.npmjs.org/watch-cli/-/watch-cli-0.2.3.tgz",
      "integrity": "sha512-+g6n5J+jimY8hxcoHQaePPNnjmRux0nCN9BztkChx9mOas61rou3nXxTireuOMSPz7sIM7/vk6vG1f85h6Ob2A==",
      "dev": true,
      "requires": {
        "gaze": "^0.5.1",
        "lodash": "^3.5.0",
        "minimist": "^1.1.1",
        "supports-color": "^4.0.0",
        "verbalize": "^0.1.2"
      }
    },
    "wrappy": {
      "version": "1.0.2",
      "resolved": "https://registry.npmjs.org/wrappy/-/wrappy-1.0.2.tgz",
      "integrity": "sha512-l4Sp/DRseor9wL6EvV2+TuQn63dMkPjZ/sp9XkghTEbV9KlPS1xUsZ3u7/IQO4wxtcFB4bgpQPRcR3QCvezPcQ==",
      "dev": true
    }
  }
}
